<?xml version="1.0" encoding="utf-8"?>
<Project ToolsVersion="4.0" xmlns="http://schemas.microsoft.com/developer/msbuild/2003">
  <ItemGroup>
    <ClCompile Include="Device.cpp" />
    <ClCompile Include="Mainloop.cpp" />
    <ClCompile Include="System.cpp" />
    <ClCompile Include="WinMain.cpp" />
    <ClCompile Include="Texture.cpp" />
  </ItemGroup>
  <ItemGroup>
    <ClInclude Include="Device.h" />
    <ClInclude Include="Mainloop.h" />
    <ClInclude Include="System.h" />
    <ClInclude Include="Texture.h" />
  </ItemGroup>
  <ItemGroup>
    <Filter Include="shader">
      <UniqueIdentifier>{39384c27-5ac9-46b7-9fc1-947add361354}</UniqueIdentifier>
    </Filter>
  </ItemGroup>
  <ItemGroup>
    <FxCompile Include="Shader.hlsl">
      <Filter>shader</Filter>
    </FxCompile>
  </ItemGroup>
</Project>